
Microsoft Visual Studio Solution File, Format Version 12.00
# Visual Studio 15
VisualStudioVersion = 15.0.28307.271
MinimumVisualStudioVersion = 10.0.40219.1
Project("{FAE04EC0-301F-11D3-BF4B-00C04F79EFBC}") = "Lab_04", "Lab_04\Lab_04.csproj", "{C3268596-94D3-4C91-9FA2-61075D3D9475}"
EndProject
Global
	GlobalSection(SolutionConfigurationPlatforms) = preSolution
		Debug|Any CPU = Debug|Any CPU
		Release|Any CPU = Release|Any CPU
	EndGlobalSection
	GlobalSection(ProjectConfigurationPlatforms) = postSolution
		{C3268596-94D3-4C91-9FA2-61075D3D9475}.Debug|Any CPU.ActiveCfg = Debug|Any CPU
		{C3268596-94D3-4C91-9FA2-61075D3D9475}.Debug|Any CPU.Build.0 = Debug|Any CPU
		{C3268596-94D3-4C91-9FA2-61075D3D9475}.Release|Any CPU.ActiveCfg = Release|Any CPU
		{C3268596-94D3-4C91-9FA2-61075D3D9475}.Release|Any CPU.Build.0 = Release|Any CPU
	EndGlobalSection
	GlobalSection(SolutionProperties) = preSolution
		HideSolutionNode = FALSE
	EndGlobalSection
	GlobalSection(ExtensibilityGlobals) = postSolution
		SolutionGuid = {14CFBD85-4BD7-49F9-A7FB-8F2BB3AF3761}
	EndGlobalSection
EndGlobal
